
Microsoft Visual Studio Solution File, Format Version 12.00
# Visual Studio Version 17
VisualStudioVersion = 17.0.32014.148
MinimumVisualStudioVersion = 10.0.40219.1
Project("{9A19103F-16F7-4668-BE54-9A1E7A4F7556}") = "Rapture.Therapy.WebApi", "Rapture.Therapy.WebApi\Rapture.Therapy.WebApi.csproj", "{C0084E24-0E1B-4FEF-A989-4045EEF57BF0}"
EndProject
Project("{9A19103F-16F7-4668-BE54-9A1E7A4F7556}") = "Eadent.Common", "Eadent.Common\Eadent.Common.csproj", "{B433CA44-B89E-4D8B-9D9D-68892FF6A927}"
EndProject
Project("{9A19103F-16F7-4668-BE54-9A1E7A4F7556}") = "Eadent.Identity", "Eadent.Identity\Eadent.Identity.csproj", "{84CD7A0C-30D8-44F5-8689-A5A891B01FD3}"
EndProject
Global
	GlobalSection(SolutionConfigurationPlatforms) = preSolution
		Debug|Any CPU = Debug|Any CPU
		Release|Any CPU = Release|Any CPU
	EndGlobalSection
	GlobalSection(ProjectConfigurationPlatforms) = postSolution
		{C0084E24-0E1B-4FEF-A989-4045EEF57BF0}.Debug|Any CPU.ActiveCfg = Debug|Any CPU
		{C0084E24-0E1B-4FEF-A989-4045EEF57BF0}.Debug|Any CPU.Build.0 = Debug|Any CPU
		{C0084E24-0E1B-4FEF-A989-4045EEF57BF0}.Release|Any CPU.ActiveCfg = Release|Any CPU
		{C0084E24-0E1B-4FEF-A989-4045EEF57BF0}.Release|Any CPU.Build.0 = Release|Any CPU
		{B433CA44-B89E-4D8B-9D9D-68892FF6A927}.Debug|Any CPU.ActiveCfg = Debug|Any CPU
		{B433CA44-B89E-4D8B-9D9D-68892FF6A927}.Debug|Any CPU.Build.0 = Debug|Any CPU
		{B433CA44-B89E-4D8B-9D9D-68892FF6A927}.Release|Any CPU.ActiveCfg = Release|Any CPU
		{B433CA44-B89E-4D8B-9D9D-68892FF6A927}.Release|Any CPU.Build.0 = Release|Any CPU
		{84CD7A0C-30D8-44F5-8689-A5A891B01FD3}.Debug|Any CPU.ActiveCfg = Debug|Any CPU
		{84CD7A0C-30D8-44F5-8689-A5A891B01FD3}.Debug|Any CPU.Build.0 = Debug|Any CPU
		{84CD7A0C-30D8-44F5-8689-A5A891B01FD3}.Release|Any CPU.ActiveCfg = Release|Any CPU
		{84CD7A0C-30D8-44F5-8689-A5A891B01FD3}.Release|Any CPU.Build.0 = Release|Any CPU
	EndGlobalSection
	GlobalSection(SolutionProperties) = preSolution
		HideSolutionNode = FALSE
	EndGlobalSection
	GlobalSection(ExtensibilityGlobals) = postSolution
		SolutionGuid = {EA873EB9-9924-4090-88EE-E28B3DAF6732}
	EndGlobalSection
EndGlobal
